lockfileVersion: '9.0'

settings:
  autoInstallPeers: true
  excludeLinksFromLockfile: false

importers:

  .:
    dependencies:
      google-protobuf:
        specifier: ^3.21.4
        version: 3.21.4
      ts-proto:
        specifier: ^2.2.4
        version: 2.2.4

packages:

  '@bufbuild/protobuf@2.2.0':
    resolution: {integrity: sha512-+imAQkHf7U/Rwvu0wk1XWgsP3WnpCWmK7B48f0XqSNzgk64+grljTKC7pnO/xBiEMUziF7vKRfbBnOQhg126qQ==}

  case-anything@2.1.13:
    resolution: {integrity: sha512-zlOQ80VrQ2Ue+ymH5OuM/DlDq64mEm+B9UTdHULv5osUMD6HalNTblf2b1u/m6QecjsnOkBpqVZ+XPwIVsy7Ng==}
    engines: {node: '>=12.13'}

  detect-libc@1.0.3:
    resolution: {integrity: sha512-pGjwhsmsp4kL2RTz08wcOlGN83otlqHeD/Z5T8GXZB+/YcpQ/dgo+lbU8ZsGxV0HIvqqxo9l7mqYwyYMD9bKDg==}
    engines: {node: '>=0.10'}
    hasBin: true

  dprint-node@1.0.8:
    resolution: {integrity: sha512-iVKnUtYfGrYcW1ZAlfR/F59cUVL8QIhWoBJoSjkkdua/dkWIgjZfiLMeTjiB06X0ZLkQ0M2C1VbUj/CxkIf1zg==}

  google-protobuf@3.21.4:
    resolution: {integrity: sha512-MnG7N936zcKTco4Jd2PX2U96Kf9PxygAPKBug+74LHzmHXmceN16MmRcdgZv+DGef/S9YvQAfRsNCn4cjf9yyQ==}

  ts-poet@6.9.0:
    resolution: {integrity: sha512-roe6W6MeZmCjRmppyfOURklO5tQFQ6Sg7swURKkwYJvV7dbGCrK28um5+51iW3twdPRKtwarqFAVMU6G1mvnuQ==}

  ts-proto-descriptors@2.0.0:
    resolution: {integrity: sha512-wHcTH3xIv11jxgkX5OyCSFfw27agpInAd6yh89hKG6zqIXnjW9SYqSER2CVQxdPj4czeOhGagNvZBEbJPy7qkw==}

  ts-proto@2.2.4:
    resolution: {integrity: sha512-YvximLyhYaEDq02w18bFsesrQydN/V7N0ZqYEc86mxTA3tp68BbWOdshwZUKfddp/Tjh9JqHs4d9LiGndd2uVg==}
    hasBin: true

snapshots:

  '@bufbuild/protobuf@2.2.0': {}

  case-anything@2.1.13: {}

  detect-libc@1.0.3: {}

  dprint-node@1.0.8:
    dependencies:
      detect-libc: 1.0.3

  google-protobuf@3.21.4: {}

  ts-poet@6.9.0:
    dependencies:
      dprint-node: 1.0.8

  ts-proto-descriptors@2.0.0:
    dependencies:
      '@bufbuild/protobuf': 2.2.0

  ts-proto@2.2.4:
    dependencies:
      '@bufbuild/protobuf': 2.2.0
      case-anything: 2.1.13
      ts-poet: 6.9.0
      ts-proto-descriptors: 2.0.0
