lockfileVersion: '9.0'

settings:
  autoInstallPeers: true
  excludeLinksFromLockfile: false

importers:

  .:
    dependencies:
      '@bufbuild/protobuf':
        specifier: ^2.2.3
        version: 2.2.3
      google-protobuf:
        specifier: ^3.21.4
        version: 3.21.4
      ts-proto:
        specifier: ^2.6.1
        version: 2.6.1

packages:

  '@bufbuild/protobuf@2.2.3':
    resolution: {integrity: sha512-tFQoXHJdkEOSwj5tRIZSPNUuXK3RaR7T1nUrPgbYX1pUbvqqaaZAsfo+NXBPsz5rZMSKVFrgK1WL8Q/MSLvprg==}

  case-anything@2.1.13:
    resolution: {integrity: sha512-zlOQ80VrQ2Ue+ymH5OuM/DlDq64mEm+B9UTdHULv5osUMD6HalNTblf2b1u/m6QecjsnOkBpqVZ+XPwIVsy7Ng==}
    engines: {node: '>=12.13'}

  detect-libc@1.0.3:
    resolution: {integrity: sha512-pGjwhsmsp4kL2RTz08wcOlGN83otlqHeD/Z5T8GXZB+/YcpQ/dgo+lbU8ZsGxV0HIvqqxo9l7mqYwyYMD9bKDg==}
    engines: {node: '>=0.10'}
    hasBin: true

  dprint-node@1.0.8:
    resolution: {integrity: sha512-iVKnUtYfGrYcW1ZAlfR/F59cUVL8QIhWoBJoSjkkdua/dkWIgjZfiLMeTjiB06X0ZLkQ0M2C1VbUj/CxkIf1zg==}

  google-protobuf@3.21.4:
    resolution: {integrity: sha512-MnG7N936zcKTco4Jd2PX2U96Kf9PxygAPKBug+74LHzmHXmceN16MmRcdgZv+DGef/S9YvQAfRsNCn4cjf9yyQ==}

  ts-poet@6.11.0:
    resolution: {integrity: sha512-r5AGF8vvb+GjBsnqiTqbLhN1/U2FJt6BI+k0dfCrkKzWvUhNlwMmq9nDHuucHs45LomgHjZPvYj96dD3JawjJA==}

  ts-proto-descriptors@2.0.0:
    resolution: {integrity: sha512-wHcTH3xIv11jxgkX5OyCSFfw27agpInAd6yh89hKG6zqIXnjW9SYqSER2CVQxdPj4czeOhGagNvZBEbJPy7qkw==}

  ts-proto@2.6.1:
    resolution: {integrity: sha512-4LTT99MkwkF1+fIA0b2mZu/58Qlpq3Q1g53TwEMZZgR1w/uX00PoVT4Z8aKJxMw0LeKQD4s9NrJYsF27Clckrg==}
    hasBin: true

snapshots:

  '@bufbuild/protobuf@2.2.3': {}

  case-anything@2.1.13: {}

  detect-libc@1.0.3: {}

  dprint-node@1.0.8:
    dependencies:
      detect-libc: 1.0.3

  google-protobuf@3.21.4: {}

  ts-poet@6.11.0:
    dependencies:
      dprint-node: 1.0.8

  ts-proto-descriptors@2.0.0:
    dependencies:
      '@bufbuild/protobuf': 2.2.3

  ts-proto@2.6.1:
    dependencies:
      '@bufbuild/protobuf': 2.2.3
      case-anything: 2.1.13
      ts-poet: 6.11.0
      ts-proto-descriptors: 2.0.0
