lockfileVersion: '9.0'

settings:
  autoInstallPeers: true
  excludeLinksFromLockfile: false

importers:

  .:
    dependencies:
      '@bufbuild/protobuf':
        specifier: ^2.2.2
        version: 2.2.2
      google-protobuf:
        specifier: ^3.21.4
        version: 3.21.4
      ts-proto:
        specifier: ^2.3.0
        version: 2.3.0

packages:

  '@bufbuild/protobuf@2.2.2':
    resolution: {integrity: sha512-UNtPCbrwrenpmrXuRwn9jYpPoweNXj8X5sMvYgsqYyaH8jQ6LfUJSk3dJLnBK+6sfYPrF4iAIo5sd5HQ+tg75A==}

  case-anything@2.1.13:
    resolution: {integrity: sha512-zlOQ80VrQ2Ue+ymH5OuM/DlDq64mEm+B9UTdHULv5osUMD6HalNTblf2b1u/m6QecjsnOkBpqVZ+XPwIVsy7Ng==}
    engines: {node: '>=12.13'}

  detect-libc@1.0.3:
    resolution: {integrity: sha512-pGjwhsmsp4kL2RTz08wcOlGN83otlqHeD/Z5T8GXZB+/YcpQ/dgo+lbU8ZsGxV0HIvqqxo9l7mqYwyYMD9bKDg==}
    engines: {node: '>=0.10'}
    hasBin: true

  dprint-node@1.0.8:
    resolution: {integrity: sha512-iVKnUtYfGrYcW1ZAlfR/F59cUVL8QIhWoBJoSjkkdua/dkWIgjZfiLMeTjiB06X0ZLkQ0M2C1VbUj/CxkIf1zg==}

  google-protobuf@3.21.4:
    resolution: {integrity: sha512-MnG7N936zcKTco4Jd2PX2U96Kf9PxygAPKBug+74LHzmHXmceN16MmRcdgZv+DGef/S9YvQAfRsNCn4cjf9yyQ==}

  ts-poet@6.9.0:
    resolution: {integrity: sha512-roe6W6MeZmCjRmppyfOURklO5tQFQ6Sg7swURKkwYJvV7dbGCrK28um5+51iW3twdPRKtwarqFAVMU6G1mvnuQ==}

  ts-proto-descriptors@2.0.0:
    resolution: {integrity: sha512-wHcTH3xIv11jxgkX5OyCSFfw27agpInAd6yh89hKG6zqIXnjW9SYqSER2CVQxdPj4czeOhGagNvZBEbJPy7qkw==}

  ts-proto@2.3.0:
    resolution: {integrity: sha512-dOkOa4gac9zhDFsHDtTRdcAJJRDorySWwGbNhpyxtZKbTnZOM2DlnCB390ZrjTOxtx6dOB4mjFmEUcgUtbwnaQ==}
    hasBin: true

snapshots:

  '@bufbuild/protobuf@2.2.2': {}

  case-anything@2.1.13: {}

  detect-libc@1.0.3: {}

  dprint-node@1.0.8:
    dependencies:
      detect-libc: 1.0.3

  google-protobuf@3.21.4: {}

  ts-poet@6.9.0:
    dependencies:
      dprint-node: 1.0.8

  ts-proto-descriptors@2.0.0:
    dependencies:
      '@bufbuild/protobuf': 2.2.2

  ts-proto@2.3.0:
    dependencies:
      '@bufbuild/protobuf': 2.2.2
      case-anything: 2.1.13
      ts-poet: 6.9.0
      ts-proto-descriptors: 2.0.0
